
Microsoft Visual Studio Solution File, Format Version 12.00
# Visual Studio 15
VisualStudioVersion = 15.0.28307.271
MinimumVisualStudioVersion = 10.0.40219.1
Project("{8BC9CEB8-8B4A-11D0-8D11-00A0C91BC942}") = "RVO", "RVO\RVO.vcxproj", "{25B6A30C-B779-42D5-AA0A-A1D8B349DE23}"
EndProject
Project("{8BC9CEB8-8B4A-11D0-8D11-00A0C91BC942}") = "CrowdRendering", "CrowdRendering\CrowdRendering.vcxproj", "{7168FC20-A97B-42CD-AF7A-BF0D61631F8B}"
EndProject
Project("{8BC9CEB8-8B4A-11D0-8D11-00A0C91BC942}") = "TestCase-001(SceneVisualization)", "TestCase-001\TestCase-001.vcxproj", "{BE3B803B-2115-4134-955A-D6D75EA3B584}"
	ProjectSection(ProjectDependencies) = postProject
		{7168FC20-A97B-42CD-AF7A-BF0D61631F8B} = {7168FC20-A97B-42CD-AF7A-BF0D61631F8B}
	EndProjectSection
EndProject
Project("{8BC9CEB8-8B4A-11D0-8D11-00A0C91BC942}") = "CrowdSimulation", "CrowdSimulation\CrowdSimulation.vcxproj", "{14F45DEB-2FDD-461D-8A6D-55279E4D0342}"
EndProject
Project("{8BC9CEB8-8B4A-11D0-8D11-00A0C91BC942}") = "SceneGraphTest", "WeightedGraphTest\WeightedGraphTest.vcxproj", "{2E12DF95-EC53-4B35-AAAF-3B0447F0A678}"
	ProjectSection(ProjectDependencies) = postProject
		{14F45DEB-2FDD-461D-8A6D-55279E4D0342} = {14F45DEB-2FDD-461D-8A6D-55279E4D0342}
	EndProjectSection
EndProject
Project("{2150E333-8FDC-42A3-9474-1A3956D46DE8}") = "Unit Tests", "Unit Tests", "{8961A5EA-6E86-47D6-AE45-56C52A41478C}"
EndProject
Project("{2150E333-8FDC-42A3-9474-1A3956D46DE8}") = "Function Tests", "Function Tests", "{93B5CC06-387F-4AD3-B6D1-6CE558202B64}"
EndProject
Project("{8BC9CEB8-8B4A-11D0-8D11-00A0C91BC942}") = "TestCase-002(RVOCollision)", "TestCase-002\TestCase-002.vcxproj", "{AF5357F1-70C4-4507-830B-3717343C6109}"
	ProjectSection(ProjectDependencies) = postProject
		{25B6A30C-B779-42D5-AA0A-A1D8B349DE23} = {25B6A30C-B779-42D5-AA0A-A1D8B349DE23}
		{7168FC20-A97B-42CD-AF7A-BF0D61631F8B} = {7168FC20-A97B-42CD-AF7A-BF0D61631F8B}
	EndProjectSection
EndProject
Project("{8BC9CEB8-8B4A-11D0-8D11-00A0C91BC942}") = "ConfigParserTest", "ConfigParserTest\ConfigParserTest.vcxproj", "{5F0121E7-8E0E-4B41-A1D6-CF4B4C7F398F}"
EndProject
Project("{8BC9CEB8-8B4A-11D0-8D11-00A0C91BC942}") = "ShortestStrategyTest", "ShortestStrategyTest\ShortestStrategyTest.vcxproj", "{34D28826-EB3C-41A1-A5BD-919618330DBB}"
EndProject
Project("{8BC9CEB8-8B4A-11D0-8D11-00A0C91BC942}") = "TestCase-003(ShortestStrategy)", "TestCase-003\TestCase-003.vcxproj", "{A7DDE045-4936-428E-BF88-1FD13C0952F7}"
	ProjectSection(ProjectDependencies) = postProject
		{14F45DEB-2FDD-461D-8A6D-55279E4D0342} = {14F45DEB-2FDD-461D-8A6D-55279E4D0342}
	EndProjectSection
EndProject
Project("{8BC9CEB8-8B4A-11D0-8D11-00A0C91BC942}") = "SimulationStrategyTest", "SimulationStrategyTest\SimulationStrategyTest.vcxproj", "{F6BD098C-02E6-4A2F-B6CC-97A162C0C6CC}"
	ProjectSection(ProjectDependencies) = postProject
		{14F45DEB-2FDD-461D-8A6D-55279E4D0342} = {14F45DEB-2FDD-461D-8A6D-55279E4D0342}
	EndProjectSection
EndProject
Project("{8BC9CEB8-8B4A-11D0-8D11-00A0C91BC942}") = "TestCase-004(SimulationStrategy)", "TestCase-004\TestCase-004.vcxproj", "{3AE09107-C44A-4813-B86A-E05476044784}"
	ProjectSection(ProjectDependencies) = postProject
		{14F45DEB-2FDD-461D-8A6D-55279E4D0342} = {14F45DEB-2FDD-461D-8A6D-55279E4D0342}
	EndProjectSection
EndProject
Project("{8BC9CEB8-8B4A-11D0-8D11-00A0C91BC942}") = "TestCase-005(CDFStrategy)", "TestCase-005\TestCase-005.vcxproj", "{33285AAC-A669-41B6-9852-1451626D9A4D}"
	ProjectSection(ProjectDependencies) = postProject
		{14F45DEB-2FDD-461D-8A6D-55279E4D0342} = {14F45DEB-2FDD-461D-8A6D-55279E4D0342}
	EndProjectSection
EndProject
Project("{2150E333-8FDC-42A3-9474-1A3956D46DE8}") = "Experiments", "Experiments", "{047E9929-DF06-45B1-8B25-CFB19F4F6984}"
EndProject
Project("{8BC9CEB8-8B4A-11D0-8D11-00A0C91BC942}") = "Expr-001", "Expr-001\Expr-001.vcxproj", "{3B0E23C0-7468-4311-AAFF-AC0B75C81E53}"
EndProject
Project("{8BC9CEB8-8B4A-11D0-8D11-00A0C91BC942}") = "Expr-002", "Expr-002\Expr-002.vcxproj", "{1AE6218D-DC89-44A6-84AE-A79F869411DA}"
EndProject
Project("{8BC9CEB8-8B4A-11D0-8D11-00A0C91BC942}") = "Expr-003", "Expr-003\Expr-003.vcxproj", "{F7F8EE00-B822-43BA-B444-D078E11BEFDB}"
EndProject
Global
	GlobalSection(SolutionConfigurationPlatforms) = preSolution
		Debug|x64 = Debug|x64
		Debug|x86 = Debug|x86
		Release|x64 = Release|x64
		Release|x86 = Release|x86
	EndGlobalSection
	GlobalSection(ProjectConfigurationPlatforms) = postSolution
		{25B6A30C-B779-42D5-AA0A-A1D8B349DE23}.Debug|x64.ActiveCfg = Debug|x64
		{25B6A30C-B779-42D5-AA0A-A1D8B349DE23}.Debug|x64.Build.0 = Debug|x64
		{25B6A30C-B779-42D5-AA0A-A1D8B349DE23}.Debug|x86.ActiveCfg = Debug|Win32
		{25B6A30C-B779-42D5-AA0A-A1D8B349DE23}.Debug|x86.Build.0 = Debug|Win32
		{25B6A30C-B779-42D5-AA0A-A1D8B349DE23}.Release|x64.ActiveCfg = Release|x64
		{25B6A30C-B779-42D5-AA0A-A1D8B349DE23}.Release|x64.Build.0 = Release|x64
		{25B6A30C-B779-42D5-AA0A-A1D8B349DE23}.Release|x86.ActiveCfg = Release|Win32
		{25B6A30C-B779-42D5-AA0A-A1D8B349DE23}.Release|x86.Build.0 = Release|Win32
		{7168FC20-A97B-42CD-AF7A-BF0D61631F8B}.Debug|x64.ActiveCfg = Debug|x64
		{7168FC20-A97B-42CD-AF7A-BF0D61631F8B}.Debug|x64.Build.0 = Debug|x64
		{7168FC20-A97B-42CD-AF7A-BF0D61631F8B}.Debug|x86.ActiveCfg = Debug|Win32
		{7168FC20-A97B-42CD-AF7A-BF0D61631F8B}.Debug|x86.Build.0 = Debug|Win32
		{7168FC20-A97B-42CD-AF7A-BF0D61631F8B}.Release|x64.ActiveCfg = Release|x64
		{7168FC20-A97B-42CD-AF7A-BF0D61631F8B}.Release|x64.Build.0 = Release|x64
		{7168FC20-A97B-42CD-AF7A-BF0D61631F8B}.Release|x86.ActiveCfg = Release|Win32
		{7168FC20-A97B-42CD-AF7A-BF0D61631F8B}.Release|x86.Build.0 = Release|Win32
		{BE3B803B-2115-4134-955A-D6D75EA3B584}.Debug|x64.ActiveCfg = Debug|x64
		{BE3B803B-2115-4134-955A-D6D75EA3B584}.Debug|x64.Build.0 = Debug|x64
		{BE3B803B-2115-4134-955A-D6D75EA3B584}.Debug|x86.ActiveCfg = Debug|Win32
		{BE3B803B-2115-4134-955A-D6D75EA3B584}.Debug|x86.Build.0 = Debug|Win32
		{BE3B803B-2115-4134-955A-D6D75EA3B584}.Release|x64.ActiveCfg = Release|x64
		{BE3B803B-2115-4134-955A-D6D75EA3B584}.Release|x64.Build.0 = Release|x64
		{BE3B803B-2115-4134-955A-D6D75EA3B584}.Release|x86.ActiveCfg = Release|Win32
		{BE3B803B-2115-4134-955A-D6D75EA3B584}.Release|x86.Build.0 = Release|Win32
		{14F45DEB-2FDD-461D-8A6D-55279E4D0342}.Debug|x64.ActiveCfg = Debug|x64
		{14F45DEB-2FDD-461D-8A6D-55279E4D0342}.Debug|x64.Build.0 = Debug|x64
		{14F45DEB-2FDD-461D-8A6D-55279E4D0342}.Debug|x86.ActiveCfg = Debug|Win32
		{14F45DEB-2FDD-461D-8A6D-55279E4D0342}.Debug|x86.Build.0 = Debug|Win32
		{14F45DEB-2FDD-461D-8A6D-55279E4D0342}.Release|x64.ActiveCfg = Release|x64
		{14F45DEB-2FDD-461D-8A6D-55279E4D0342}.Release|x64.Build.0 = Release|x64
		{14F45DEB-2FDD-461D-8A6D-55279E4D0342}.Release|x86.ActiveCfg = Release|Win32
		{14F45DEB-2FDD-461D-8A6D-55279E4D0342}.Release|x86.Build.0 = Release|Win32
		{2E12DF95-EC53-4B35-AAAF-3B0447F0A678}.Debug|x64.ActiveCfg = Debug|x64
		{2E12DF95-EC53-4B35-AAAF-3B0447F0A678}.Debug|x64.Build.0 = Debug|x64
		{2E12DF95-EC53-4B35-AAAF-3B0447F0A678}.Debug|x86.ActiveCfg = Debug|Win32
		{2E12DF95-EC53-4B35-AAAF-3B0447F0A678}.Debug|x86.Build.0 = Debug|Win32
		{2E12DF95-EC53-4B35-AAAF-3B0447F0A678}.Release|x64.ActiveCfg = Release|x64
		{2E12DF95-EC53-4B35-AAAF-3B0447F0A678}.Release|x64.Build.0 = Release|x64
		{2E12DF95-EC53-4B35-AAAF-3B0447F0A678}.Release|x86.ActiveCfg = Release|Win32
		{2E12DF95-EC53-4B35-AAAF-3B0447F0A678}.Release|x86.Build.0 = Release|Win32
		{AF5357F1-70C4-4507-830B-3717343C6109}.Debug|x64.ActiveCfg = Debug|x64
		{AF5357F1-70C4-4507-830B-3717343C6109}.Debug|x64.Build.0 = Debug|x64
		{AF5357F1-70C4-4507-830B-3717343C6109}.Debug|x86.ActiveCfg = Debug|Win32
		{AF5357F1-70C4-4507-830B-3717343C6109}.Debug|x86.Build.0 = Debug|Win32
		{AF5357F1-70C4-4507-830B-3717343C6109}.Release|x64.ActiveCfg = Release|x64
		{AF5357F1-70C4-4507-830B-3717343C6109}.Release|x64.Build.0 = Release|x64
		{AF5357F1-70C4-4507-830B-3717343C6109}.Release|x86.ActiveCfg = Release|Win32
		{AF5357F1-70C4-4507-830B-3717343C6109}.Release|x86.Build.0 = Release|Win32
		{5F0121E7-8E0E-4B41-A1D6-CF4B4C7F398F}.Debug|x64.ActiveCfg = Debug|x64
		{5F0121E7-8E0E-4B41-A1D6-CF4B4C7F398F}.Debug|x64.Build.0 = Debug|x64
		{5F0121E7-8E0E-4B41-A1D6-CF4B4C7F398F}.Debug|x86.ActiveCfg = Debug|Win32
		{5F0121E7-8E0E-4B41-A1D6-CF4B4C7F398F}.Debug|x86.Build.0 = Debug|Win32
		{5F0121E7-8E0E-4B41-A1D6-CF4B4C7F398F}.Release|x64.ActiveCfg = Release|x64
		{5F0121E7-8E0E-4B41-A1D6-CF4B4C7F398F}.Release|x64.Build.0 = Release|x64
		{5F0121E7-8E0E-4B41-A1D6-CF4B4C7F398F}.Release|x86.ActiveCfg = Release|Win32
		{5F0121E7-8E0E-4B41-A1D6-CF4B4C7F398F}.Release|x86.Build.0 = Release|Win32
		{34D28826-EB3C-41A1-A5BD-919618330DBB}.Debug|x64.ActiveCfg = Debug|x64
		{34D28826-EB3C-41A1-A5BD-919618330DBB}.Debug|x64.Build.0 = Debug|x64
		{34D28826-EB3C-41A1-A5BD-919618330DBB}.Debug|x86.ActiveCfg = Debug|Win32
		{34D28826-EB3C-41A1-A5BD-919618330DBB}.Debug|x86.Build.0 = Debug|Win32
		{34D28826-EB3C-41A1-A5BD-919618330DBB}.Release|x64.ActiveCfg = Release|x64
		{34D28826-EB3C-41A1-A5BD-919618330DBB}.Release|x64.Build.0 = Release|x64
		{34D28826-EB3C-41A1-A5BD-919618330DBB}.Release|x86.ActiveCfg = Release|Win32
		{34D28826-EB3C-41A1-A5BD-919618330DBB}.Release|x86.Build.0 = Release|Win32
		{A7DDE045-4936-428E-BF88-1FD13C0952F7}.Debug|x64.ActiveCfg = Debug|x64
		{A7DDE045-4936-428E-BF88-1FD13C0952F7}.Debug|x64.Build.0 = Debug|x64
		{A7DDE045-4936-428E-BF88-1FD13C0952F7}.Debug|x86.ActiveCfg = Debug|Win32
		{A7DDE045-4936-428E-BF88-1FD13C0952F7}.Debug|x86.Build.0 = Debug|Win32
		{A7DDE045-4936-428E-BF88-1FD13C0952F7}.Release|x64.ActiveCfg = Release|x64
		{A7DDE045-4936-428E-BF88-1FD13C0952F7}.Release|x64.Build.0 = Release|x64
		{A7DDE045-4936-428E-BF88-1FD13C0952F7}.Release|x86.ActiveCfg = Release|Win32
		{A7DDE045-4936-428E-BF88-1FD13C0952F7}.Release|x86.Build.0 = Release|Win32
		{F6BD098C-02E6-4A2F-B6CC-97A162C0C6CC}.Debug|x64.ActiveCfg = Debug|x64
		{F6BD098C-02E6-4A2F-B6CC-97A162C0C6CC}.Debug|x64.Build.0 = Debug|x64
		{F6BD098C-02E6-4A2F-B6CC-97A162C0C6CC}.Debug|x86.ActiveCfg = Debug|Win32
		{F6BD098C-02E6-4A2F-B6CC-97A162C0C6CC}.Debug|x86.Build.0 = Debug|Win32
		{F6BD098C-02E6-4A2F-B6CC-97A162C0C6CC}.Release|x64.ActiveCfg = Release|x64
		{F6BD098C-02E6-4A2F-B6CC-97A162C0C6CC}.Release|x64.Build.0 = Release|x64
		{F6BD098C-02E6-4A2F-B6CC-97A162C0C6CC}.Release|x86.ActiveCfg = Release|Win32
		{F6BD098C-02E6-4A2F-B6CC-97A162C0C6CC}.Release|x86.Build.0 = Release|Win32
		{3AE09107-C44A-4813-B86A-E05476044784}.Debug|x64.ActiveCfg = Debug|x64
		{3AE09107-C44A-4813-B86A-E05476044784}.Debug|x64.Build.0 = Debug|x64
		{3AE09107-C44A-4813-B86A-E05476044784}.Debug|x86.ActiveCfg = Debug|Win32
		{3AE09107-C44A-4813-B86A-E05476044784}.Debug|x86.Build.0 = Debug|Win32
		{3AE09107-C44A-4813-B86A-E05476044784}.Release|x64.ActiveCfg = Release|x64
		{3AE09107-C44A-4813-B86A-E05476044784}.Release|x64.Build.0 = Release|x64
		{3AE09107-C44A-4813-B86A-E05476044784}.Release|x86.ActiveCfg = Release|Win32
		{3AE09107-C44A-4813-B86A-E05476044784}.Release|x86.Build.0 = Release|Win32
		{33285AAC-A669-41B6-9852-1451626D9A4D}.Debug|x64.ActiveCfg = Debug|x64
		{33285AAC-A669-41B6-9852-1451626D9A4D}.Debug|x64.Build.0 = Debug|x64
		{33285AAC-A669-41B6-9852-1451626D9A4D}.Debug|x86.ActiveCfg = Debug|Win32
		{33285AAC-A669-41B6-9852-1451626D9A4D}.Debug|x86.Build.0 = Debug|Win32
		{33285AAC-A669-41B6-9852-1451626D9A4D}.Release|x64.ActiveCfg = Release|x64
		{33285AAC-A669-41B6-9852-1451626D9A4D}.Release|x64.Build.0 = Release|x64
		{33285AAC-A669-41B6-9852-1451626D9A4D}.Release|x86.ActiveCfg = Release|Win32
		{33285AAC-A669-41B6-9852-1451626D9A4D}.Release|x86.Build.0 = Release|Win32
		{3B0E23C0-7468-4311-AAFF-AC0B75C81E53}.Debug|x64.ActiveCfg = Debug|x64
		{3B0E23C0-7468-4311-AAFF-AC0B75C81E53}.Debug|x64.Build.0 = Debug|x64
		{3B0E23C0-7468-4311-AAFF-AC0B75C81E53}.Debug|x86.ActiveCfg = Debug|Win32
		{3B0E23C0-7468-4311-AAFF-AC0B75C81E53}.Debug|x86.Build.0 = Debug|Win32
		{3B0E23C0-7468-4311-AAFF-AC0B75C81E53}.Release|x64.ActiveCfg = Release|x64
		{3B0E23C0-7468-4311-AAFF-AC0B75C81E53}.Release|x64.Build.0 = Release|x64
		{3B0E23C0-7468-4311-AAFF-AC0B75C81E53}.Release|x86.ActiveCfg = Release|Win32
		{3B0E23C0-7468-4311-AAFF-AC0B75C81E53}.Release|x86.Build.0 = Release|Win32
		{1AE6218D-DC89-44A6-84AE-A79F869411DA}.Debug|x64.ActiveCfg = Debug|x64
		{1AE6218D-DC89-44A6-84AE-A79F869411DA}.Debug|x64.Build.0 = Debug|x64
		{1AE6218D-DC89-44A6-84AE-A79F869411DA}.Debug|x86.ActiveCfg = Debug|Win32
		{1AE6218D-DC89-44A6-84AE-A79F869411DA}.Debug|x86.Build.0 = Debug|Win32
		{1AE6218D-DC89-44A6-84AE-A79F869411DA}.Release|x64.ActiveCfg = Release|x64
		{1AE6218D-DC89-44A6-84AE-A79F869411DA}.Release|x64.Build.0 = Release|x64
		{1AE6218D-DC89-44A6-84AE-A79F869411DA}.Release|x86.ActiveCfg = Release|Win32
		{1AE6218D-DC89-44A6-84AE-A79F869411DA}.Release|x86.Build.0 = Release|Win32
		{F7F8EE00-B822-43BA-B444-D078E11BEFDB}.Debug|x64.ActiveCfg = Debug|x64
		{F7F8EE00-B822-43BA-B444-D078E11BEFDB}.Debug|x64.Build.0 = Debug|x64
		{F7F8EE00-B822-43BA-B444-D078E11BEFDB}.Debug|x86.ActiveCfg = Debug|Win32
		{F7F8EE00-B822-43BA-B444-D078E11BEFDB}.Debug|x86.Build.0 = Debug|Win32
		{F7F8EE00-B822-43BA-B444-D078E11BEFDB}.Release|x64.ActiveCfg = Release|x64
		{F7F8EE00-B822-43BA-B444-D078E11BEFDB}.Release|x64.Build.0 = Release|x64
		{F7F8EE00-B822-43BA-B444-D078E11BEFDB}.Release|x86.ActiveCfg = Release|Win32
		{F7F8EE00-B822-43BA-B444-D078E11BEFDB}.Release|x86.Build.0 = Release|Win32
	EndGlobalSection
	GlobalSection(SolutionProperties) = preSolution
		HideSolutionNode = FALSE
	EndGlobalSection
	GlobalSection(NestedProjects) = preSolution
		{BE3B803B-2115-4134-955A-D6D75EA3B584} = {93B5CC06-387F-4AD3-B6D1-6CE558202B64}
		{2E12DF95-EC53-4B35-AAAF-3B0447F0A678} = {8961A5EA-6E86-47D6-AE45-56C52A41478C}
		{AF5357F1-70C4-4507-830B-3717343C6109} = {93B5CC06-387F-4AD3-B6D1-6CE558202B64}
		{5F0121E7-8E0E-4B41-A1D6-CF4B4C7F398F} = {8961A5EA-6E86-47D6-AE45-56C52A41478C}
		{34D28826-EB3C-41A1-A5BD-919618330DBB} = {8961A5EA-6E86-47D6-AE45-56C52A41478C}
		{A7DDE045-4936-428E-BF88-1FD13C0952F7} = {93B5CC06-387F-4AD3-B6D1-6CE558202B64}
		{F6BD098C-02E6-4A2F-B6CC-97A162C0C6CC} = {8961A5EA-6E86-47D6-AE45-56C52A41478C}
		{3AE09107-C44A-4813-B86A-E05476044784} = {93B5CC06-387F-4AD3-B6D1-6CE558202B64}
		{33285AAC-A669-41B6-9852-1451626D9A4D} = {93B5CC06-387F-4AD3-B6D1-6CE558202B64}
		{3B0E23C0-7468-4311-AAFF-AC0B75C81E53} = {047E9929-DF06-45B1-8B25-CFB19F4F6984}
		{1AE6218D-DC89-44A6-84AE-A79F869411DA} = {047E9929-DF06-45B1-8B25-CFB19F4F6984}
		{F7F8EE00-B822-43BA-B444-D078E11BEFDB} = {047E9929-DF06-45B1-8B25-CFB19F4F6984}
	EndGlobalSection
	GlobalSection(ExtensibilityGlobals) = postSolution
		SolutionGuid = {D6731A69-C129-4DA5-8733-C5F05B614915}
	EndGlobalSection
EndGlobal
