<?xml version="1.0" encoding="utf-8"?>
<Project ToolsVersion="4.0" xmlns="http://schemas.microsoft.com/developer/msbuild/2003">
  <ItemGroup>
    <Filter Include="EvacuationStrategy">
      <UniqueIdentifier>{ab6a3d23-86e9-469b-8262-2d8fb3c2cd16}</UniqueIdentifier>
    </Filter>
    <Filter Include="EvacuationScene">
      <UniqueIdentifier>{ce4d8b70-6ef3-43ef-b039-5084b47054c9}</UniqueIdentifier>
    </Filter>
    <Filter Include="Config">
      <UniqueIdentifier>{ae1706ba-6741-4d9e-92c0-627b435986cc}</UniqueIdentifier>
    </Filter>
    <Filter Include="EvacuationStrategy\SimulationStrategy">
      <UniqueIdentifier>{ffd46f96-9bb7-4e91-a22d-0f65aac7d05e}</UniqueIdentifier>
    </Filter>
    <Filter Include="EvacuationStrategy\CDFPredictionStratedy">
      <UniqueIdentifier>{7f90ca5f-835b-456e-b9ca-8217c5ce14d3}</UniqueIdentifier>
    </Filter>
    <Filter Include="EvacuationStrategy\DensityStrategy">
      <UniqueIdentifier>{9bf89441-7f23-4028-b5df-071346754749}</UniqueIdentifier>
    </Filter>
    <Filter Include="EvacuationStrategy\ShortestStrategy">
      <UniqueIdentifier>{2a89da0c-e5ba-4de1-8eee-1dfbbe3c3b4c}</UniqueIdentifier>
    </Filter>
  </ItemGroup>
  <ItemGroup>
    <ClInclude Include="EvacuationScene.h">
      <Filter>EvacuationScene</Filter>
    </ClInclude>
    <ClInclude Include="CrowdSimulationInterface.h" />
    <ClInclude Include="SimulationStrategy.h">
      <Filter>EvacuationStrategy\SimulationStrategy</Filter>
    </ClInclude>
    <ClInclude Include="CDFPredictionStrategy.h">
      <Filter>EvacuationStrategy\CDFPredictionStratedy</Filter>
    </ClInclude>
    <ClInclude Include="DensityStrategy.h">
      <Filter>EvacuationStrategy\DensityStrategy</Filter>
    </ClInclude>
    <ClInclude Include="BaseAgent.h">
      <Filter>EvacuationStrategy</Filter>
    </ClInclude>
    <ClInclude Include="SimAgent.h">
      <Filter>EvacuationStrategy\SimulationStrategy</Filter>
    </ClInclude>
    <ClInclude Include="SimNode.h">
      <Filter>EvacuationStrategy\SimulationStrategy</Filter>
    </ClInclude>
    <ClInclude Include="ConfigParser.h">
      <Filter>Config</Filter>
    </ClInclude>
    <ClInclude Include="GraphConfig.h">
      <Filter>Config</Filter>
    </ClInclude>
    <ClInclude Include="DistributionNode.h">
      <Filter>EvacuationStrategy\SimulationStrategy</Filter>
    </ClInclude>
    <ClInclude Include="DivideNode.h">
      <Filter>EvacuationStrategy\SimulationStrategy</Filter>
    </ClInclude>
    <ClInclude Include="ShortestStrategy.h">
      <Filter>EvacuationStrategy\ShortestStrategy</Filter>
    </ClInclude>
    <ClInclude Include="BaseStrategy.h">
      <Filter>EvacuationStrategy</Filter>
    </ClInclude>
    <ClInclude Include="SceneGraph.h">
      <Filter>EvacuationScene</Filter>
    </ClInclude>
    <ClInclude Include="CrowdSimulationExport.h" />
    <ClInclude Include="SimulatorConfig.h">
      <Filter>Config</Filter>
    </ClInclude>
    <ClInclude Include="SceneConfig.h">
      <Filter>Config</Filter>
    </ClInclude>
  </ItemGroup>
  <ItemGroup>
    <ClCompile Include="EvacuationScene.cpp">
      <Filter>EvacuationScene</Filter>
    </ClCompile>
    <ClCompile Include="CrowdSimulationInterface.cpp" />
    <ClCompile Include="SimulationStrategy.cpp">
      <Filter>EvacuationStrategy\SimulationStrategy</Filter>
    </ClCompile>
    <ClCompile Include="CDFPredictionStrategy.cpp">
      <Filter>EvacuationStrategy\CDFPredictionStratedy</Filter>
    </ClCompile>
    <ClCompile Include="DensityStrategy.cpp">
      <Filter>EvacuationStrategy\DensityStrategy</Filter>
    </ClCompile>
    <ClCompile Include="BaseAgent.cpp">
      <Filter>EvacuationStrategy</Filter>
    </ClCompile>
    <ClCompile Include="SimAgent.cpp">
      <Filter>EvacuationStrategy\SimulationStrategy</Filter>
    </ClCompile>
    <ClCompile Include="ConfigParser.cpp">
      <Filter>Config</Filter>
    </ClCompile>
    <ClCompile Include="ShortestStrategy.cpp">
      <Filter>EvacuationStrategy\ShortestStrategy</Filter>
    </ClCompile>
    <ClCompile Include="BaseStrategy.cpp">
      <Filter>EvacuationStrategy</Filter>
    </ClCompile>
    <ClCompile Include="SceneGraph.cpp">
      <Filter>EvacuationScene</Filter>
    </ClCompile>
  </ItemGroup>
</Project>